// !$*UTF8*$!
{
	archiveVersion = 1;
	classes = {
	};
	objectVersion = 56;
	objects = {

/* Begin PBXBuildFile section */
		5B4DBF322951058700FF6CD7 /* GameBoardTests.swift in Sources */ = {isa = PBXBuildFile; fileRef = 5B4DBF312951058700FF6CD7 /* GameBoardTests.swift */; };
		5B4DBF342952FF9C00FF6CD7 /* GameBoard.swift in Sources */ = {isa = PBXBuildFile; fileRef = 5B4DBF332952FF9C00FF6CD7 /* GameBoard.swift */; };
		5B4DBF362952FFB400FF6CD7 /* Player.swift in Sources */ = {isa = PBXBuildFile; fileRef = 5B4DBF352952FFB400FF6CD7 /* Player.swift */; };
		5B4DBF382952FFD000FF6CD7 /* Game.swift in Sources */ = {isa = PBXBuildFile; fileRef = 5B4DBF372952FFD000FF6CD7 /* Game.swift */; };
		5B4DBF3A2953117900FF6CD7 /* GameBoard+BoardRepresentation.swift in Sources */ = {isa = PBXBuildFile; fileRef = 5B4DBF392953117900FF6CD7 /* GameBoard+BoardRepresentation.swift */; };
		5B4DBF422953462500FF6CD7 /* TicTacToeApp.swift in Sources */ = {isa = PBXBuildFile; fileRef = 5B4DBF412953462500FF6CD7 /* TicTacToeApp.swift */; };
		5B4DBF442953462500FF6CD7 /* TicTacToeView.swift in Sources */ = {isa = PBXBuildFile; fileRef = 5B4DBF432953462500FF6CD7 /* TicTacToeView.swift */; };
		5B4DBF462953462600FF6CD7 /* Assets.xcassets in Resources */ = {isa = PBXBuildFile; fileRef = 5B4DBF452953462600FF6CD7 /* Assets.xcassets */; };
		5B4DBF4A2953462600FF6CD7 /* Preview Assets.xcassets in Resources */ = {isa = PBXBuildFile; fileRef = 5B4DBF492953462600FF6CD7 /* Preview Assets.xcassets */; };
		5B4DBF4F295347A600FF6CD7 /* TicTacToe.framework in Frameworks */ = {isa = PBXBuildFile; fileRef = 5B76F9F92950F8C200E3607C /* TicTacToe.framework */; };
		5B4DBF50295347A600FF6CD7 /* TicTacToe.framework in Embed Frameworks */ = {isa = PBXBuildFile; fileRef = 5B76F9F92950F8C200E3607C /* TicTacToe.framework */; settings = {ATTRIBUTES = (CodeSignOnCopy, RemoveHeadersOnCopy, ); }; };
		5B4DBF5529534DFD00FF6CD7 /* TicTacToeGameAdapter.swift in Sources */ = {isa = PBXBuildFile; fileRef = 5B4DBF5429534DFD00FF6CD7 /* TicTacToeGameAdapter.swift */; };
		5B4DBF8B2955FD2700FF6CD7 /* AppDelegate.swift in Sources */ = {isa = PBXBuildFile; fileRef = 5B4DBF8A2955FD2700FF6CD7 /* AppDelegate.swift */; };
		5B4DBF8D2955FD2700FF6CD7 /* SceneDelegate.swift in Sources */ = {isa = PBXBuildFile; fileRef = 5B4DBF8C2955FD2700FF6CD7 /* SceneDelegate.swift */; };
		5B4DBF8F2955FD2700FF6CD7 /* TicTacToeViewController.swift in Sources */ = {isa = PBXBuildFile; fileRef = 5B4DBF8E2955FD2700FF6CD7 /* TicTacToeViewController.swift */; };
		5B4DBF942955FD2700FF6CD7 /* Assets.xcassets in Resources */ = {isa = PBXBuildFile; fileRef = 5B4DBF932955FD2700FF6CD7 /* Assets.xcassets */; };
		5B4DBFA22955FD2800FF6CD7 /* TicTacToeViewControllerTests.swift in Sources */ = {isa = PBXBuildFile; fileRef = 5B4DBFA12955FD2800FF6CD7 /* TicTacToeViewControllerTests.swift */; };
		5B4DBFAC2955FD2800FF6CD7 /* TIcTacToeUIKitUITests.swift in Sources */ = {isa = PBXBuildFile; fileRef = 5B4DBFAB2955FD2800FF6CD7 /* TIcTacToeUIKitUITests.swift */; };
		5B4DBFAE2955FD2800FF6CD7 /* TIcTacToeUIKitUITestsLaunchTests.swift in Sources */ = {isa = PBXBuildFile; fileRef = 5B4DBFAD2955FD2800FF6CD7 /* TIcTacToeUIKitUITestsLaunchTests.swift */; };
		5B76FA022950F8C200E3607C /* TicTacToe.framework in Frameworks */ = {isa = PBXBuildFile; fileRef = 5B76F9F92950F8C200E3607C /* TicTacToe.framework */; };
		5B76FA072950F8C200E3607C /* GameTests.swift in Sources */ = {isa = PBXBuildFile; fileRef = 5B76FA062950F8C200E3607C /* GameTests.swift */; };
		5B76FA082950F8C200E3607C /* TicTacToe.h in Headers */ = {isa = PBXBuildFile; fileRef = 5B76F9FC2950F8C200E3607C /* TicTacToe.h */; settings = {ATTRIBUTES = (Public, ); }; };
		5BADB8EA2968354D00AB03B8 /* UIButton+TestHelper.swift in Sources */ = {isa = PBXBuildFile; fileRef = 5BADB8E92968354D00AB03B8 /* UIButton+TestHelper.swift */; };
		5BADB8F129687D1100AB03B8 /* TicTacToe.swift in Sources */ = {isa = PBXBuildFile; fileRef = 5BADB8F029687D1100AB03B8 /* TicTacToe.swift */; };
		5BADB8F329687DB700AB03B8 /* Game+TicTacToe.swift in Sources */ = {isa = PBXBuildFile; fileRef = 5BADB8F229687DB700AB03B8 /* Game+TicTacToe.swift */; };
		5BADB8F52968825400AB03B8 /* ReseatableTicTacToe.swift in Sources */ = {isa = PBXBuildFile; fileRef = 5BADB8F42968825400AB03B8 /* ReseatableTicTacToe.swift */; };
		5BADB8F92968836100AB03B8 /* ReseatableTicTacToeTests.swift in Sources */ = {isa = PBXBuildFile; fileRef = 5BADB8F82968836100AB03B8 /* ReseatableTicTacToeTests.swift */; };
		5BADB8FA296887B900AB03B8 /* TicTacToe.framework in Frameworks */ = {isa = PBXBuildFile; fileRef = 5B76F9F92950F8C200E3607C /* TicTacToe.framework */; };
		5BADB8FB296887B900AB03B8 /* TicTacToe.framework in Embed Frameworks */ = {isa = PBXBuildFile; fileRef = 5B76F9F92950F8C200E3607C /* TicTacToe.framework */; settings = {ATTRIBUTES = (CodeSignOnCopy, RemoveHeadersOnCopy, ); }; };
		5BADB90029688DAB00AB03B8 /* CompositionRoot.swift in Sources */ = {isa = PBXBuildFile; fileRef = 5BADB8FF29688DAB00AB03B8 /* CompositionRoot.swift */; };
		5BADB902296895E900AB03B8 /* TicTacToePresenter.swift in Sources */ = {isa = PBXBuildFile; fileRef = 5BADB901296895E900AB03B8 /* TicTacToePresenter.swift */; };
		5BADB904296973EE00AB03B8 /* GameSpy.swift in Sources */ = {isa = PBXBuildFile; fileRef = 5BADB903296973EE00AB03B8 /* GameSpy.swift */; };
/* End PBXBuildFile section */

/* Begin PBXContainerItemProxy section */
		5B4DBF51295347A600FF6CD7 /* PBXContainerItemProxy */ = {
			isa = PBXContainerItemProxy;
			containerPortal = 5B76F9F02950F8C200E3607C /* Project object */;
			proxyType = 1;
			remoteGlobalIDString = 5B76F9F82950F8C200E3607C;
			remoteInfo = TicTacToe;
		};
		5B4DBF9E2955FD2800FF6CD7 /* PBXContainerItemProxy */ = {
			isa = PBXContainerItemProxy;
			containerPortal = 5B76F9F02950F8C200E3607C /* Project object */;
			proxyType = 1;
			remoteGlobalIDString = 5B4DBF872955FD2700FF6CD7;
			remoteInfo = TIcTacToeUIKit;
		};
		5B4DBFA82955FD2800FF6CD7 /* PBXContainerItemProxy */ = {
			isa = PBXContainerItemProxy;
			containerPortal = 5B76F9F02950F8C200E3607C /* Project object */;
			proxyType = 1;
			remoteGlobalIDString = 5B4DBF872955FD2700FF6CD7;
			remoteInfo = TIcTacToeUIKit;
		};
		5B76FA032950F8C200E3607C /* PBXContainerItemProxy */ = {
			isa = PBXContainerItemProxy;
			containerPortal = 5B76F9F02950F8C200E3607C /* Project object */;
			proxyType = 1;
			remoteGlobalIDString = 5B76F9F82950F8C200E3607C;
			remoteInfo = TicTacToe;
		};
		5BADB8FC296887B900AB03B8 /* PBXContainerItemProxy */ = {
			isa = PBXContainerItemProxy;
			containerPortal = 5B76F9F02950F8C200E3607C /* Project object */;
			proxyType = 1;
			remoteGlobalIDString = 5B76F9F82950F8C200E3607C;
			remoteInfo = TicTacToe;
		};
/* End PBXContainerItemProxy section */

/* Begin PBXCopyFilesBuildPhase section */
		5B4DBF53295347A600FF6CD7 /* Embed Frameworks */ = {
			isa = PBXCopyFilesBuildPhase;
			buildActionMask = 2147483647;
			dstPath = "";
			dstSubfolderSpec = 10;
			files = (
				5B4DBF50295347A600FF6CD7 /* TicTacToe.framework in Embed Frameworks */,
			);
			name = "Embed Frameworks";
			runOnlyForDeploymentPostprocessing = 0;
		};
		5BADB8FE296887B900AB03B8 /* Embed Frameworks */ = {
			isa = PBXCopyFilesBuildPhase;
			buildActionMask = 2147483647;
			dstPath = "";
			dstSubfolderSpec = 10;
			files = (
				5BADB8FB296887B900AB03B8 /* TicTacToe.framework in Embed Frameworks */,
			);
			name = "Embed Frameworks";
			runOnlyForDeploymentPostprocessing = 0;
		};
/* End PBXCopyFilesBuildPhase section */

/* Begin PBXFileReference section */
		5B4DBF312951058700FF6CD7 /* GameBoardTests.swift */ = {isa = PBXFileReference; lastKnownFileType = sourcecode.swift; path = GameBoardTests.swift; sourceTree = "<group>"; };
		5B4DBF332952FF9C00FF6CD7 /* GameBoard.swift */ = {isa = PBXFileReference; lastKnownFileType = sourcecode.swift; path = GameBoard.swift; sourceTree = "<group>"; };
		5B4DBF352952FFB400FF6CD7 /* Player.swift */ = {isa = PBXFileReference; lastKnownFileType = sourcecode.swift; path = Player.swift; sourceTree = "<group>"; };
		5B4DBF372952FFD000FF6CD7 /* Game.swift */ = {isa = PBXFileReference; lastKnownFileType = sourcecode.swift; path = Game.swift; sourceTree = "<group>"; };
		5B4DBF392953117900FF6CD7 /* GameBoard+BoardRepresentation.swift */ = {isa = PBXFileReference; lastKnownFileType = sourcecode.swift; path = "GameBoard+BoardRepresentation.swift"; sourceTree = "<group>"; };
		5B4DBF3F2953462500FF6CD7 /* TicTacToeApp.app */ = {isa = PBXFileReference; explicitFileType = wrapper.application; includeInIndex = 0; path = TicTacToeApp.app; sourceTree = BUILT_PRODUCTS_DIR; };
		5B4DBF412953462500FF6CD7 /* TicTacToeApp.swift */ = {isa = PBXFileReference; lastKnownFileType = sourcecode.swift; path = TicTacToeApp.swift; sourceTree = "<group>"; };
		5B4DBF432953462500FF6CD7 /* TicTacToeView.swift */ = {isa = PBXFileReference; lastKnownFileType = sourcecode.swift; path = TicTacToeView.swift; sourceTree = "<group>"; };
		5B4DBF452953462600FF6CD7 /* Assets.xcassets */ = {isa = PBXFileReference; lastKnownFileType = folder.assetcatalog; path = Assets.xcassets; sourceTree = "<group>"; };
		5B4DBF472953462600FF6CD7 /* TicTacToeApp.entitlements */ = {isa = PBXFileReference; lastKnownFileType = text.plist.entitlements; path = TicTacToeApp.entitlements; sourceTree = "<group>"; };
		5B4DBF492953462600FF6CD7 /* Preview Assets.xcassets */ = {isa = PBXFileReference; lastKnownFileType = folder.assetcatalog; path = "Preview Assets.xcassets"; sourceTree = "<group>"; };
		5B4DBF5429534DFD00FF6CD7 /* TicTacToeGameAdapter.swift */ = {isa = PBXFileReference; lastKnownFileType = sourcecode.swift; path = TicTacToeGameAdapter.swift; sourceTree = "<group>"; };
		5B4DBF882955FD2700FF6CD7 /* TIcTacToeUIKit.app */ = {isa = PBXFileReference; explicitFileType = wrapper.application; includeInIndex = 0; path = TIcTacToeUIKit.app; sourceTree = BUILT_PRODUCTS_DIR; };
		5B4DBF8A2955FD2700FF6CD7 /* AppDelegate.swift */ = {isa = PBXFileReference; lastKnownFileType = sourcecode.swift; path = AppDelegate.swift; sourceTree = "<group>"; };
		5B4DBF8C2955FD2700FF6CD7 /* SceneDelegate.swift */ = {isa = PBXFileReference; lastKnownFileType = sourcecode.swift; path = SceneDelegate.swift; sourceTree = "<group>"; };
		5B4DBF8E2955FD2700FF6CD7 /* TicTacToeViewController.swift */ = {isa = PBXFileReference; lastKnownFileType = sourcecode.swift; path = TicTacToeViewController.swift; sourceTree = "<group>"; };
		5B4DBF932955FD2700FF6CD7 /* Assets.xcassets */ = {isa = PBXFileReference; lastKnownFileType = folder.assetcatalog; path = Assets.xcassets; sourceTree = "<group>"; };
		5B4DBF982955FD2700FF6CD7 /* Info.plist */ = {isa = PBXFileReference; lastKnownFileType = text.plist.xml; path = Info.plist; sourceTree = "<group>"; };
		5B4DBF9D2955FD2800FF6CD7 /* TIcTacToeUIKitTests.xctest */ = {isa = PBXFileReference; explicitFileType = wrapper.cfbundle; includeInIndex = 0; path = TIcTacToeUIKitTests.xctest; sourceTree = BUILT_PRODUCTS_DIR; };
		5B4DBFA12955FD2800FF6CD7 /* TicTacToeViewControllerTests.swift */ = {isa = PBXFileReference; lastKnownFileType = sourcecode.swift; path = TicTacToeViewControllerTests.swift; sourceTree = "<group>"; };
		5B4DBFA72955FD2800FF6CD7 /* TIcTacToeUIKitUITests.xctest */ = {isa = PBXFileReference; explicitFileType = wrapper.cfbundle; includeInIndex = 0; path = TIcTacToeUIKitUITests.xctest; sourceTree = BUILT_PRODUCTS_DIR; };
		5B4DBFAB2955FD2800FF6CD7 /* TIcTacToeUIKitUITests.swift */ = {isa = PBXFileReference; lastKnownFileType = sourcecode.swift; path = TIcTacToeUIKitUITests.swift; sourceTree = "<group>"; };
		5B4DBFAD2955FD2800FF6CD7 /* TIcTacToeUIKitUITestsLaunchTests.swift */ = {isa = PBXFileReference; lastKnownFileType = sourcecode.swift; path = TIcTacToeUIKitUITestsLaunchTests.swift; sourceTree = "<group>"; };
		5B76F9F92950F8C200E3607C /* TicTacToe.framework */ = {isa = PBXFileReference; explicitFileType = wrapper.framework; includeInIndex = 0; path = TicTacToe.framework; sourceTree = BUILT_PRODUCTS_DIR; };
		5B76F9FC2950F8C200E3607C /* TicTacToe.h */ = {isa = PBXFileReference; lastKnownFileType = sourcecode.c.h; path = TicTacToe.h; sourceTree = "<group>"; };
		5B76FA012950F8C200E3607C /* TicTacToeTests.xctest */ = {isa = PBXFileReference; explicitFileType = wrapper.cfbundle; includeInIndex = 0; path = TicTacToeTests.xctest; sourceTree = BUILT_PRODUCTS_DIR; };
		5B76FA062950F8C200E3607C /* GameTests.swift */ = {isa = PBXFileReference; lastKnownFileType = sourcecode.swift; path = GameTests.swift; sourceTree = "<group>"; };
		5BADB8E92968354D00AB03B8 /* UIButton+TestHelper.swift */ = {isa = PBXFileReference; lastKnownFileType = sourcecode.swift; path = "UIButton+TestHelper.swift"; sourceTree = "<group>"; };
		5BADB8F029687D1100AB03B8 /* TicTacToe.swift */ = {isa = PBXFileReference; lastKnownFileType = sourcecode.swift; path = TicTacToe.swift; sourceTree = "<group>"; };
		5BADB8F229687DB700AB03B8 /* Game+TicTacToe.swift */ = {isa = PBXFileReference; lastKnownFileType = sourcecode.swift; path = "Game+TicTacToe.swift"; sourceTree = "<group>"; };
		5BADB8F42968825400AB03B8 /* ReseatableTicTacToe.swift */ = {isa = PBXFileReference; lastKnownFileType = sourcecode.swift; path = ReseatableTicTacToe.swift; sourceTree = "<group>"; };
		5BADB8F82968836100AB03B8 /* ReseatableTicTacToeTests.swift */ = {isa = PBXFileReference; lastKnownFileType = sourcecode.swift; path = ReseatableTicTacToeTests.swift; sourceTree = "<group>"; };
		5BADB8FF29688DAB00AB03B8 /* CompositionRoot.swift */ = {isa = PBXFileReference; lastKnownFileType = sourcecode.swift; path = CompositionRoot.swift; sourceTree = "<group>"; };
		5BADB901296895E900AB03B8 /* TicTacToePresenter.swift */ = {isa = PBXFileReference; lastKnownFileType = sourcecode.swift; path = TicTacToePresenter.swift; sourceTree = "<group>"; };
		5BADB903296973EE00AB03B8 /* GameSpy.swift */ = {isa = PBXFileReference; lastKnownFileType = sourcecode.swift; path = GameSpy.swift; sourceTree = "<group>"; };
/* End PBXFileReference section */

/* Begin PBXFrameworksBuildPhase section */
		5B4DBF3C2953462500FF6CD7 /* Frameworks */ = {
			isa = PBXFrameworksBuildPhase;
			buildActionMask = 2147483647;
			files = (
				5B4DBF4F295347A600FF6CD7 /* TicTacToe.framework in Frameworks */,
			);
			runOnlyForDeploymentPostprocessing = 0;
		};
		5B4DBF852955FD2700FF6CD7 /* Frameworks */ = {
			isa = PBXFrameworksBuildPhase;
			buildActionMask = 2147483647;
			files = (
				5BADB8FA296887B900AB03B8 /* TicTacToe.framework in Frameworks */,
			);
			runOnlyForDeploymentPostprocessing = 0;
		};
		5B4DBF9A2955FD2800FF6CD7 /* Frameworks */ = {
			isa = PBXFrameworksBuildPhase;
			buildActionMask = 2147483647;
			files = (
			);
			runOnlyForDeploymentPostprocessing = 0;
		};
		5B4DBFA42955FD2800FF6CD7 /* Frameworks */ = {
			isa = PBXFrameworksBuildPhase;
			buildActionMask = 2147483647;
			files = (
			);
			runOnlyForDeploymentPostprocessing = 0;
		};
		5B76F9F62950F8C200E3607C /* Frameworks */ = {
			isa = PBXFrameworksBuildPhase;
			buildActionMask = 2147483647;
			files = (
			);
			runOnlyForDeploymentPostprocessing = 0;
		};
		5B76F9FE2950F8C200E3607C /* Frameworks */ = {
			isa = PBXFrameworksBuildPhase;
			buildActionMask = 2147483647;
			files = (
				5B76FA022950F8C200E3607C /* TicTacToe.framework in Frameworks */,
			);
			runOnlyForDeploymentPostprocessing = 0;
		};
/* End PBXFrameworksBuildPhase section */

/* Begin PBXGroup section */
		5B4DBF402953462500FF6CD7 /* TicTacToeApp */ = {
			isa = PBXGroup;
			children = (
				5B4DBF5429534DFD00FF6CD7 /* TicTacToeGameAdapter.swift */,
				5B4DBF412953462500FF6CD7 /* TicTacToeApp.swift */,
				5B4DBF432953462500FF6CD7 /* TicTacToeView.swift */,
				5B4DBF452953462600FF6CD7 /* Assets.xcassets */,
				5B4DBF472953462600FF6CD7 /* TicTacToeApp.entitlements */,
				5B4DBF482953462600FF6CD7 /* Preview Content */,
			);
			path = TicTacToeApp;
			sourceTree = "<group>";
		};
		5B4DBF482953462600FF6CD7 /* Preview Content */ = {
			isa = PBXGroup;
			children = (
				5B4DBF492953462600FF6CD7 /* Preview Assets.xcassets */,
			);
			path = "Preview Content";
			sourceTree = "<group>";
		};
		5B4DBF4E295347A600FF6CD7 /* Frameworks */ = {
			isa = PBXGroup;
			children = (
			);
			name = Frameworks;
			sourceTree = "<group>";
		};
		5B4DBF892955FD2700FF6CD7 /* TIcTacToeUIKit */ = {
			isa = PBXGroup;
			children = (
				5BADB8FF29688DAB00AB03B8 /* CompositionRoot.swift */,
				5BADB8F029687D1100AB03B8 /* TicTacToe.swift */,
				5BADB8F62968827E00AB03B8 /* Adapter */,
				5BADB8EC2968660C00AB03B8 /* TicTacToeGame */,
				5B4DBFB82956162E00FF6CD7 /* AppConfig */,
			);
			path = TIcTacToeUIKit;
			sourceTree = "<group>";
		};
		5B4DBFA02955FD2800FF6CD7 /* TIcTacToeUIKitTests */ = {
			isa = PBXGroup;
			children = (
				5BADB8F72968832700AB03B8 /* Adapter */,
				5BADB8ED2968662100AB03B8 /* TicTacToeGame */,
				5BADB8EB2968420500AB03B8 /* TestHelper */,
			);
			path = TIcTacToeUIKitTests;
			sourceTree = "<group>";
		};
		5B4DBFAA2955FD2800FF6CD7 /* TIcTacToeUIKitUITests */ = {
			isa = PBXGroup;
			children = (
				5B4DBFAB2955FD2800FF6CD7 /* TIcTacToeUIKitUITests.swift */,
				5B4DBFAD2955FD2800FF6CD7 /* TIcTacToeUIKitUITestsLaunchTests.swift */,
			);
			path = TIcTacToeUIKitUITests;
			sourceTree = "<group>";
		};
		5B4DBFB82956162E00FF6CD7 /* AppConfig */ = {
			isa = PBXGroup;
			children = (
				5B4DBF8A2955FD2700FF6CD7 /* AppDelegate.swift */,
				5B4DBF8C2955FD2700FF6CD7 /* SceneDelegate.swift */,
				5B4DBF932955FD2700FF6CD7 /* Assets.xcassets */,
				5B4DBF982955FD2700FF6CD7 /* Info.plist */,
			);
			name = AppConfig;
			sourceTree = "<group>";
		};
		5B76F9EF2950F8C200E3607C = {
			isa = PBXGroup;
			children = (
				5B76F9FB2950F8C200E3607C /* TicTacToe */,
				5B76FA052950F8C200E3607C /* TicTacToeTests */,
				5B4DBF402953462500FF6CD7 /* TicTacToeApp */,
				5B4DBF892955FD2700FF6CD7 /* TIcTacToeUIKit */,
				5B4DBFA02955FD2800FF6CD7 /* TIcTacToeUIKitTests */,
				5B4DBFAA2955FD2800FF6CD7 /* TIcTacToeUIKitUITests */,
				5B76F9FA2950F8C200E3607C /* Products */,
				5B4DBF4E295347A600FF6CD7 /* Frameworks */,
			);
			sourceTree = "<group>";
		};
		5B76F9FA2950F8C200E3607C /* Products */ = {
			isa = PBXGroup;
			children = (
				5B76F9F92950F8C200E3607C /* TicTacToe.framework */,
				5B76FA012950F8C200E3607C /* TicTacToeTests.xctest */,
				5B4DBF3F2953462500FF6CD7 /* TicTacToeApp.app */,
				5B4DBF882955FD2700FF6CD7 /* TIcTacToeUIKit.app */,
				5B4DBF9D2955FD2800FF6CD7 /* TIcTacToeUIKitTests.xctest */,
				5B4DBFA72955FD2800FF6CD7 /* TIcTacToeUIKitUITests.xctest */,
			);
			name = Products;
			sourceTree = "<group>";
		};
		5B76F9FB2950F8C200E3607C /* TicTacToe */ = {
			isa = PBXGroup;
			children = (
				5B76F9FC2950F8C200E3607C /* TicTacToe.h */,
				5B4DBF332952FF9C00FF6CD7 /* GameBoard.swift */,
				5B4DBF352952FFB400FF6CD7 /* Player.swift */,
				5B4DBF372952FFD000FF6CD7 /* Game.swift */,
			);
			path = TicTacToe;
			sourceTree = "<group>";
		};
		5B76FA052950F8C200E3607C /* TicTacToeTests */ = {
			isa = PBXGroup;
			children = (
				5B76FA062950F8C200E3607C /* GameTests.swift */,
				5B4DBF312951058700FF6CD7 /* GameBoardTests.swift */,
				5B4DBF392953117900FF6CD7 /* GameBoard+BoardRepresentation.swift */,
			);
			path = TicTacToeTests;
			sourceTree = "<group>";
		};
		5BADB8EB2968420500AB03B8 /* TestHelper */ = {
			isa = PBXGroup;
			children = (
				5BADB8E92968354D00AB03B8 /* UIButton+TestHelper.swift */,
			);
			path = TestHelper;
			sourceTree = "<group>";
		};
		5BADB8EC2968660C00AB03B8 /* TicTacToeGame */ = {
			isa = PBXGroup;
			children = (
				5B4DBF8E2955FD2700FF6CD7 /* TicTacToeViewController.swift */,
			);
			name = TicTacToeGame;
			sourceTree = "<group>";
		};
		5BADB8ED2968662100AB03B8 /* TicTacToeGame */ = {
			isa = PBXGroup;
			children = (
				5B4DBFA12955FD2800FF6CD7 /* TicTacToeViewControllerTests.swift */,
				5BADB901296895E900AB03B8 /* TicTacToePresenter.swift */,
			);
			path = TicTacToeGame;
			sourceTree = "<group>";
		};
		5BADB8F62968827E00AB03B8 /* Adapter */ = {
			isa = PBXGroup;
			children = (
				5BADB8F229687DB700AB03B8 /* Game+TicTacToe.swift */,
				5BADB8F42968825400AB03B8 /* ReseatableTicTacToe.swift */,
			);
			name = Adapter;
			sourceTree = "<group>";
		};
		5BADB8F72968832700AB03B8 /* Adapter */ = {
			isa = PBXGroup;
			children = (
				5BADB8F82968836100AB03B8 /* ReseatableTicTacToeTests.swift */,
				5BADB903296973EE00AB03B8 /* GameSpy.swift */,
			);
			path = Adapter;
			sourceTree = "<group>";
		};
/* End PBXGroup section */

/* Begin PBXHeadersBuildPhase section */
		5B76F9F42950F8C200E3607C /* Headers */ = {
			isa = PBXHeadersBuildPhase;
			buildActionMask = 2147483647;
			files = (
				5B76FA082950F8C200E3607C /* TicTacToe.h in Headers */,
			);
			runOnlyForDeploymentPostprocessing = 0;
		};
/* End PBXHeadersBuildPhase section */

/* Begin PBXNativeTarget section */
		5B4DBF3E2953462500FF6CD7 /* TicTacToeApp */ = {
			isa = PBXNativeTarget;
			buildConfigurationList = 5B4DBF4B2953462600FF6CD7 /* Build configuration list for PBXNativeTarget "TicTacToeApp" */;
			buildPhases = (
				5B4DBF3B2953462500FF6CD7 /* Sources */,
				5B4DBF3C2953462500FF6CD7 /* Frameworks */,
				5B4DBF3D2953462500FF6CD7 /* Resources */,
				5B4DBF53295347A600FF6CD7 /* Embed Frameworks */,
			);
			buildRules = (
			);
			dependencies = (
				5B4DBF52295347A600FF6CD7 /* PBXTargetDependency */,
			);
			name = TicTacToeApp;
			productName = TicTacToeApp;
			productReference = 5B4DBF3F2953462500FF6CD7 /* TicTacToeApp.app */;
			productType = "com.apple.product-type.application";
		};
		5B4DBF872955FD2700FF6CD7 /* TIcTacToeUIKit */ = {
			isa = PBXNativeTarget;
			buildConfigurationList = 5B4DBFB52955FD2800FF6CD7 /* Build configuration list for PBXNativeTarget "TIcTacToeUIKit" */;
			buildPhases = (
				5B4DBF842955FD2700FF6CD7 /* Sources */,
				5B4DBF852955FD2700FF6CD7 /* Frameworks */,
				5B4DBF862955FD2700FF6CD7 /* Resources */,
				5BADB8FE296887B900AB03B8 /* Embed Frameworks */,
			);
			buildRules = (
			);
			dependencies = (
				5BADB8FD296887B900AB03B8 /* PBXTargetDependency */,
			);
			name = TIcTacToeUIKit;
			productName = TIcTacToeUIKit;
			productReference = 5B4DBF882955FD2700FF6CD7 /* TIcTacToeUIKit.app */;
			productType = "com.apple.product-type.application";
		};
		5B4DBF9C2955FD2800FF6CD7 /* TIcTacToeUIKitTests */ = {
			isa = PBXNativeTarget;
			buildConfigurationList = 5B4DBFB62955FD2800FF6CD7 /* Build configuration list for PBXNativeTarget "TIcTacToeUIKitTests" */;
			buildPhases = (
				5B4DBF992955FD2800FF6CD7 /* Sources */,
				5B4DBF9A2955FD2800FF6CD7 /* Frameworks */,
				5B4DBF9B2955FD2800FF6CD7 /* Resources */,
			);
			buildRules = (
			);
			dependencies = (
				5B4DBF9F2955FD2800FF6CD7 /* PBXTargetDependency */,
			);
			name = TIcTacToeUIKitTests;
			productName = TIcTacToeUIKitTests;
			productReference = 5B4DBF9D2955FD2800FF6CD7 /* TIcTacToeUIKitTests.xctest */;
			productType = "com.apple.product-type.bundle.unit-test";
		};
		5B4DBFA62955FD2800FF6CD7 /* TIcTacToeUIKitUITests */ = {
			isa = PBXNativeTarget;
			buildConfigurationList = 5B4DBFB72955FD2800FF6CD7 /* Build configuration list for PBXNativeTarget "TIcTacToeUIKitUITests" */;
			buildPhases = (
				5B4DBFA32955FD2800FF6CD7 /* Sources */,
				5B4DBFA42955FD2800FF6CD7 /* Frameworks */,
				5B4DBFA52955FD2800FF6CD7 /* Resources */,
			);
			buildRules = (
			);
			dependencies = (
				5B4DBFA92955FD2800FF6CD7 /* PBXTargetDependency */,
			);
			name = TIcTacToeUIKitUITests;
			productName = TIcTacToeUIKitUITests;
			productReference = 5B4DBFA72955FD2800FF6CD7 /* TIcTacToeUIKitUITests.xctest */;
			productType = "com.apple.product-type.bundle.ui-testing";
		};
		5B76F9F82950F8C200E3607C /* TicTacToe */ = {
			isa = PBXNativeTarget;
			buildConfigurationList = 5B76FA0B2950F8C200E3607C /* Build configuration list for PBXNativeTarget "TicTacToe" */;
			buildPhases = (
				5B76F9F42950F8C200E3607C /* Headers */,
				5B76F9F52950F8C200E3607C /* Sources */,
				5B76F9F62950F8C200E3607C /* Frameworks */,
				5B76F9F72950F8C200E3607C /* Resources */,
			);
			buildRules = (
			);
			dependencies = (
			);
			name = TicTacToe;
			productName = TicTacToe;
			productReference = 5B76F9F92950F8C200E3607C /* TicTacToe.framework */;
			productType = "com.apple.product-type.framework";
		};
		5B76FA002950F8C200E3607C /* TicTacToeTests */ = {
			isa = PBXNativeTarget;
			buildConfigurationList = 5B76FA0E2950F8C200E3607C /* Build configuration list for PBXNativeTarget "TicTacToeTests" */;
			buildPhases = (
				5B76F9FD2950F8C200E3607C /* Sources */,
				5B76F9FE2950F8C200E3607C /* Frameworks */,
				5B76F9FF2950F8C200E3607C /* Resources */,
			);
			buildRules = (
			);
			dependencies = (
				5B76FA042950F8C200E3607C /* PBXTargetDependency */,
			);
			name = TicTacToeTests;
			productName = TicTacToeTests;
			productReference = 5B76FA012950F8C200E3607C /* TicTacToeTests.xctest */;
			productType = "com.apple.product-type.bundle.unit-test";
		};
/* End PBXNativeTarget section */

/* Begin PBXProject section */
		5B76F9F02950F8C200E3607C /* Project object */ = {
			isa = PBXProject;
			attributes = {
				BuildIndependentTargetsInParallel = 1;
				LastSwiftUpdateCheck = 1420;
				LastUpgradeCheck = 1420;
				TargetAttributes = {
					5B4DBF3E2953462500FF6CD7 = {
						CreatedOnToolsVersion = 14.2;
					};
					5B4DBF872955FD2700FF6CD7 = {
						CreatedOnToolsVersion = 14.2;
					};
					5B4DBF9C2955FD2800FF6CD7 = {
						CreatedOnToolsVersion = 14.2;
						TestTargetID = 5B4DBF872955FD2700FF6CD7;
					};
					5B4DBFA62955FD2800FF6CD7 = {
						CreatedOnToolsVersion = 14.2;
						TestTargetID = 5B4DBF872955FD2700FF6CD7;
					};
					5B76F9F82950F8C200E3607C = {
						CreatedOnToolsVersion = 14.2;
						LastSwiftMigration = 1420;
					};
					5B76FA002950F8C200E3607C = {
						CreatedOnToolsVersion = 14.2;
					};
				};
			};
			buildConfigurationList = 5B76F9F32950F8C200E3607C /* Build configuration list for PBXProject "TicTacToe" */;
			compatibilityVersion = "Xcode 14.0";
			developmentRegion = en;
			hasScannedForEncodings = 0;
			knownRegions = (
				en,
				Base,
			);
			mainGroup = 5B76F9EF2950F8C200E3607C;
			productRefGroup = 5B76F9FA2950F8C200E3607C /* Products */;
			projectDirPath = "";
			projectRoot = "";
			targets = (
				5B76F9F82950F8C200E3607C /* TicTacToe */,
				5B76FA002950F8C200E3607C /* TicTacToeTests */,
				5B4DBF3E2953462500FF6CD7 /* TicTacToeApp */,
				5B4DBF872955FD2700FF6CD7 /* TIcTacToeUIKit */,
				5B4DBF9C2955FD2800FF6CD7 /* TIcTacToeUIKitTests */,
				5B4DBFA62955FD2800FF6CD7 /* TIcTacToeUIKitUITests */,
			);
		};
/* End PBXProject section */

/* Begin PBXResourcesBuildPhase section */
		5B4DBF3D2953462500FF6CD7 /* Resources */ = {
			isa = PBXResourcesBuildPhase;
			buildActionMask = 2147483647;
			files = (
				5B4DBF4A2953462600FF6CD7 /* Preview Assets.xcassets in Resources */,
				5B4DBF462953462600FF6CD7 /* Assets.xcassets in Resources */,
			);
			runOnlyForDeploymentPostprocessing = 0;
		};
		5B4DBF862955FD2700FF6CD7 /* Resources */ = {
			isa = PBXResourcesBuildPhase;
			buildActionMask = 2147483647;
			files = (
				5B4DBF942955FD2700FF6CD7 /* Assets.xcassets in Resources */,
			);
			runOnlyForDeploymentPostprocessing = 0;
		};
		5B4DBF9B2955FD2800FF6CD7 /* Resources */ = {
			isa = PBXResourcesBuildPhase;
			buildActionMask = 2147483647;
			files = (
			);
			runOnlyForDeploymentPostprocessing = 0;
		};
		5B4DBFA52955FD2800FF6CD7 /* Resources */ = {
			isa = PBXResourcesBuildPhase;
			buildActionMask = 2147483647;
			files = (
			);
			runOnlyForDeploymentPostprocessing = 0;
		};
		5B76F9F72950F8C200E3607C /* Resources */ = {
			isa = PBXResourcesBuildPhase;
			buildActionMask = 2147483647;
			files = (
			);
			runOnlyForDeploymentPostprocessing = 0;
		};
		5B76F9FF2950F8C200E3607C /* Resources */ = {
			isa = PBXResourcesBuildPhase;
			buildActionMask = 2147483647;
			files = (
			);
			runOnlyForDeploymentPostprocessing = 0;
		};
/* End PBXResourcesBuildPhase section */

/* Begin PBXSourcesBuildPhase section */
		5B4DBF3B2953462500FF6CD7 /* Sources */ = {
			isa = PBXSourcesBuildPhase;
			buildActionMask = 2147483647;
			files = (
				5B4DBF442953462500FF6CD7 /* TicTacToeView.swift in Sources */,
				5B4DBF422953462500FF6CD7 /* TicTacToeApp.swift in Sources */,
				5B4DBF5529534DFD00FF6CD7 /* TicTacToeGameAdapter.swift in Sources */,
			);
			runOnlyForDeploymentPostprocessing = 0;
		};
		5B4DBF842955FD2700FF6CD7 /* Sources */ = {
			isa = PBXSourcesBuildPhase;
			buildActionMask = 2147483647;
			files = (
				5BADB8F52968825400AB03B8 /* ReseatableTicTacToe.swift in Sources */,
				5BADB90029688DAB00AB03B8 /* CompositionRoot.swift in Sources */,
				5BADB8F329687DB700AB03B8 /* Game+TicTacToe.swift in Sources */,
				5B4DBF8F2955FD2700FF6CD7 /* TicTacToeViewController.swift in Sources */,
				5B4DBF8B2955FD2700FF6CD7 /* AppDelegate.swift in Sources */,
				5BADB8F129687D1100AB03B8 /* TicTacToe.swift in Sources */,
				5B4DBF8D2955FD2700FF6CD7 /* SceneDelegate.swift in Sources */,
			);
			runOnlyForDeploymentPostprocessing = 0;
		};
		5B4DBF992955FD2800FF6CD7 /* Sources */ = {
			isa = PBXSourcesBuildPhase;
			buildActionMask = 2147483647;
			files = (
				5BADB8F92968836100AB03B8 /* ReseatableTicTacToeTests.swift in Sources */,
				5BADB904296973EE00AB03B8 /* GameSpy.swift in Sources */,
				5B4DBFA22955FD2800FF6CD7 /* TicTacToeViewControllerTests.swift in Sources */,
				5BADB8EA2968354D00AB03B8 /* UIButton+TestHelper.swift in Sources */,
				5BADB902296895E900AB03B8 /* TicTacToePresenter.swift in Sources */,
			);
			runOnlyForDeploymentPostprocessing = 0;
		};
		5B4DBFA32955FD2800FF6CD7 /* Sources */ = {
			isa = PBXSourcesBuildPhase;
			buildActionMask = 2147483647;
			files = (
				5B4DBFAE2955FD2800FF6CD7 /* TIcTacToeUIKitUITestsLaunchTests.swift in Sources */,
				5B4DBFAC2955FD2800FF6CD7 /* TIcTacToeUIKitUITests.swift in Sources */,
			);
			runOnlyForDeploymentPostprocessing = 0;
		};
		5B76F9F52950F8C200E3607C /* Sources */ = {
			isa = PBXSourcesBuildPhase;
			buildActionMask = 2147483647;
			files = (
				5B4DBF362952FFB400FF6CD7 /* Player.swift in Sources */,
				5B4DBF382952FFD000FF6CD7 /* Game.swift in Sources */,
				5B4DBF342952FF9C00FF6CD7 /* GameBoard.swift in Sources */,
			);
			runOnlyForDeploymentPostprocessing = 0;
		};
		5B76F9FD2950F8C200E3607C /* Sources */ = {
			isa = PBXSourcesBuildPhase;
			buildActionMask = 2147483647;
			files = (
				5B4DBF322951058700FF6CD7 /* GameBoardTests.swift in Sources */,
				5B4DBF3A2953117900FF6CD7 /* GameBoard+BoardRepresentation.swift in Sources */,
				5B76FA072950F8C200E3607C /* GameTests.swift in Sources */,
			);
			runOnlyForDeploymentPostprocessing = 0;
		};
/* End PBXSourcesBuildPhase section */

/* Begin PBXTargetDependency section */
		5B4DBF52295347A600FF6CD7 /* PBXTargetDependency */ = {
			isa = PBXTargetDependency;
			target = 5B76F9F82950F8C200E3607C /* TicTacToe */;
			targetProxy = 5B4DBF51295347A600FF6CD7 /* PBXContainerItemProxy */;
		};
		5B4DBF9F2955FD2800FF6CD7 /* PBXTargetDependency */ = {
			isa = PBXTargetDependency;
			target = 5B4DBF872955FD2700FF6CD7 /* TIcTacToeUIKit */;
			targetProxy = 5B4DBF9E2955FD2800FF6CD7 /* PBXContainerItemProxy */;
		};
		5B4DBFA92955FD2800FF6CD7 /* PBXTargetDependency */ = {
			isa = PBXTargetDependency;
			target = 5B4DBF872955FD2700FF6CD7 /* TIcTacToeUIKit */;
			targetProxy = 5B4DBFA82955FD2800FF6CD7 /* PBXContainerItemProxy */;
		};
		5B76FA042950F8C200E3607C /* PBXTargetDependency */ = {
			isa = PBXTargetDependency;
			target = 5B76F9F82950F8C200E3607C /* TicTacToe */;
			targetProxy = 5B76FA032950F8C200E3607C /* PBXContainerItemProxy */;
		};
		5BADB8FD296887B900AB03B8 /* PBXTargetDependency */ = {
			isa = PBXTargetDependency;
			target = 5B76F9F82950F8C200E3607C /* TicTacToe */;
			targetProxy = 5BADB8FC296887B900AB03B8 /* PBXContainerItemProxy */;
		};
/* End PBXTargetDependency section */

/* Begin XCBuildConfiguration section */
		5B4DBF4C2953462600FF6CD7 /* Debug */ = {
			isa = XCBuildConfiguration;
			buildSettings = {
				ASSETCATALOG_COMPILER_APPICON_NAME = AppIcon;
				ASSETCATALOG_COMPILER_GLOBAL_ACCENT_COLOR_NAME = AccentColor;
				CODE_SIGN_ENTITLEMENTS = TicTacToeApp/TicTacToeApp.entitlements;
				CODE_SIGN_STYLE = Automatic;
				CURRENT_PROJECT_VERSION = 1;
				DEVELOPMENT_ASSET_PATHS = "\"TicTacToeApp/Preview Content\"";
				ENABLE_PREVIEWS = YES;
				GENERATE_INFOPLIST_FILE = YES;
				"INFOPLIST_KEY_UIApplicationSceneManifest_Generation[sdk=iphoneos*]" = YES;
				"INFOPLIST_KEY_UIApplicationSceneManifest_Generation[sdk=iphonesimulator*]" = YES;
				"INFOPLIST_KEY_UIApplicationSupportsIndirectInputEvents[sdk=iphoneos*]" = YES;
				"INFOPLIST_KEY_UIApplicationSupportsIndirectInputEvents[sdk=iphonesimulator*]" = YES;
				"INFOPLIST_KEY_UILaunchScreen_Generation[sdk=iphoneos*]" = YES;
				"INFOPLIST_KEY_UILaunchScreen_Generation[sdk=iphonesimulator*]" = YES;
				"INFOPLIST_KEY_UIStatusBarStyle[sdk=iphoneos*]" = UIStatusBarStyleDefault;
				"INFOPLIST_KEY_UIStatusBarStyle[sdk=iphonesimulator*]" = UIStatusBarStyleDefault;
				INFOPLIST_KEY_UISupportedInterfaceOrientations_iPad = "UIInterfaceOrientationPortrait UIInterfaceOrientationPortraitUpsideDown UIInterfaceOrientationLandscapeLeft UIInterfaceOrientationLandscapeRight";
				INFOPLIST_KEY_UISupportedInterfaceOrientations_iPhone = "UIInterfaceOrientationPortrait UIInterfaceOrientationLandscapeLeft UIInterfaceOrientationLandscapeRight";
				IPHONEOS_DEPLOYMENT_TARGET = 16.2;
				LD_RUNPATH_SEARCH_PATHS = "@executable_path/Frameworks";
				"LD_RUNPATH_SEARCH_PATHS[sdk=macosx*]" = "@executable_path/../Frameworks";
				MACOSX_DEPLOYMENT_TARGET = 13.0;
				MARKETING_VERSION = 1.0;
				PRODUCT_BUNDLE_IDENTIFIER = "-2022-DEV2-014.TicTacToeApp";
				PRODUCT_NAME = "$(TARGET_NAME)";
				SDKROOT = auto;
				SUPPORTED_PLATFORMS = "iphoneos iphonesimulator macosx";
				SWIFT_EMIT_LOC_STRINGS = YES;
				SWIFT_VERSION = 5.0;
				TARGETED_DEVICE_FAMILY = "1,2";
			};
			name = Debug;
		};
		5B4DBF4D2953462600FF6CD7 /* Release */ = {
			isa = XCBuildConfiguration;
			buildSettings = {
				ASSETCATALOG_COMPILER_APPICON_NAME = AppIcon;
				ASSETCATALOG_COMPILER_GLOBAL_ACCENT_COLOR_NAME = AccentColor;
				CODE_SIGN_ENTITLEMENTS = TicTacToeApp/TicTacToeApp.entitlements;
				CODE_SIGN_STYLE = Automatic;
				CURRENT_PROJECT_VERSION = 1;
				DEVELOPMENT_ASSET_PATHS = "\"TicTacToeApp/Preview Content\"";
				ENABLE_PREVIEWS = YES;
				GENERATE_INFOPLIST_FILE = YES;
				"INFOPLIST_KEY_UIApplicationSceneManifest_Generation[sdk=iphoneos*]" = YES;
				"INFOPLIST_KEY_UIApplicationSceneManifest_Generation[sdk=iphonesimulator*]" = YES;
				"INFOPLIST_KEY_UIApplicationSupportsIndirectInputEvents[sdk=iphoneos*]" = YES;
				"INFOPLIST_KEY_UIApplicationSupportsIndirectInputEvents[sdk=iphonesimulator*]" = YES;
				"INFOPLIST_KEY_UILaunchScreen_Generation[sdk=iphoneos*]" = YES;
				"INFOPLIST_KEY_UILaunchScreen_Generation[sdk=iphonesimulator*]" = YES;
				"INFOPLIST_KEY_UIStatusBarStyle[sdk=iphoneos*]" = UIStatusBarStyleDefault;
				"INFOPLIST_KEY_UIStatusBarStyle[sdk=iphonesimulator*]" = UIStatusBarStyleDefault;
				INFOPLIST_KEY_UISupportedInterfaceOrientations_iPad = "UIInterfaceOrientationPortrait UIInterfaceOrientationPortraitUpsideDown UIInterfaceOrientationLandscapeLeft UIInterfaceOrientationLandscapeRight";
				INFOPLIST_KEY_UISupportedInterfaceOrientations_iPhone = "UIInterfaceOrientationPortrait UIInterfaceOrientationLandscapeLeft UIInterfaceOrientationLandscapeRight";
				IPHONEOS_DEPLOYMENT_TARGET = 16.2;
				LD_RUNPATH_SEARCH_PATHS = "@executable_path/Frameworks";
				"LD_RUNPATH_SEARCH_PATHS[sdk=macosx*]" = "@executable_path/../Frameworks";
				MACOSX_DEPLOYMENT_TARGET = 13.0;
				MARKETING_VERSION = 1.0;
				PRODUCT_BUNDLE_IDENTIFIER = "-2022-DEV2-014.TicTacToeApp";
				PRODUCT_NAME = "$(TARGET_NAME)";
				SDKROOT = auto;
				SUPPORTED_PLATFORMS = "iphoneos iphonesimulator macosx";
				SWIFT_EMIT_LOC_STRINGS = YES;
				SWIFT_VERSION = 5.0;
				TARGETED_DEVICE_FAMILY = "1,2";
			};
			name = Release;
		};
		5B4DBFAF2955FD2800FF6CD7 /* Debug */ = {
			isa = XCBuildConfiguration;
			buildSettings = {
				ASSETCATALOG_COMPILER_APPICON_NAME = AppIcon;
				ASSETCATALOG_COMPILER_GLOBAL_ACCENT_COLOR_NAME = AccentColor;
				CODE_SIGN_STYLE = Automatic;
				CURRENT_PROJECT_VERSION = 1;
				GENERATE_INFOPLIST_FILE = YES;
				INFOPLIST_FILE = TIcTacToeUIKit/Info.plist;
				INFOPLIST_KEY_UIApplicationSupportsIndirectInputEvents = YES;
				INFOPLIST_KEY_UISupportedInterfaceOrientations_iPad = "UIInterfaceOrientationPortrait UIInterfaceOrientationPortraitUpsideDown UIInterfaceOrientationLandscapeLeft UIInterfaceOrientationLandscapeRight";
				INFOPLIST_KEY_UISupportedInterfaceOrientations_iPhone = "UIInterfaceOrientationPortrait UIInterfaceOrientationLandscapeLeft UIInterfaceOrientationLandscapeRight";
				IPHONEOS_DEPLOYMENT_TARGET = 16.2;
				LD_RUNPATH_SEARCH_PATHS = (
					"$(inherited)",
					"@executable_path/Frameworks",
				);
				MARKETING_VERSION = 1.0;
				PRODUCT_BUNDLE_IDENTIFIER = "-2022-DEV2-014.TIcTacToeUIKit";
				PRODUCT_NAME = "$(TARGET_NAME)";
				SDKROOT = iphoneos;
				SWIFT_EMIT_LOC_STRINGS = YES;
				SWIFT_VERSION = 5.0;
				TARGETED_DEVICE_FAMILY = "1,2";
			};
			name = Debug;
		};
		5B4DBFB02955FD2800FF6CD7 /* Release */ = {
			isa = XCBuildConfiguration;
			buildSettings = {
				ASSETCATALOG_COMPILER_APPICON_NAME = AppIcon;
				ASSETCATALOG_COMPILER_GLOBAL_ACCENT_COLOR_NAME = AccentColor;
				CODE_SIGN_STYLE = Automatic;
				CURRENT_PROJECT_VERSION = 1;
				GENERATE_INFOPLIST_FILE = YES;
				INFOPLIST_FILE = TIcTacToeUIKit/Info.plist;
				INFOPLIST_KEY_UIApplicationSupportsIndirectInputEvents = YES;
				INFOPLIST_KEY_UISupportedInterfaceOrientations_iPad = "UIInterfaceOrientationPortrait UIInterfaceOrientationPortraitUpsideDown UIInterfaceOrientationLandscapeLeft UIInterfaceOrientationLandscapeRight";
				INFOPLIST_KEY_UISupportedInterfaceOrientations_iPhone = "UIInterfaceOrientationPortrait UIInterfaceOrientationLandscapeLeft UIInterfaceOrientationLandscapeRight";
				IPHONEOS_DEPLOYMENT_TARGET = 16.2;
				LD_RUNPATH_SEARCH_PATHS = (
					"$(inherited)",
					"@executable_path/Frameworks",
				);
				MARKETING_VERSION = 1.0;
				PRODUCT_BUNDLE_IDENTIFIER = "-2022-DEV2-014.TIcTacToeUIKit";
				PRODUCT_NAME = "$(TARGET_NAME)";
				SDKROOT = iphoneos;
				SWIFT_EMIT_LOC_STRINGS = YES;
				SWIFT_VERSION = 5.0;
				TARGETED_DEVICE_FAMILY = "1,2";
				VALIDATE_PRODUCT = YES;
			};
			name = Release;
		};
		5B4DBFB12955FD2800FF6CD7 /* Debug */ = {
			isa = XCBuildConfiguration;
			buildSettings = {
				ALWAYS_EMBED_SWIFT_STANDARD_LIBRARIES = YES;
				BUNDLE_LOADER = "$(TEST_HOST)";
				CODE_SIGN_STYLE = Automatic;
				CURRENT_PROJECT_VERSION = 1;
				GENERATE_INFOPLIST_FILE = YES;
				IPHONEOS_DEPLOYMENT_TARGET = 16.2;
				MARKETING_VERSION = 1.0;
				PRODUCT_BUNDLE_IDENTIFIER = "-2022-DEV2-014.TIcTacToeUIKitTests";
				PRODUCT_NAME = "$(TARGET_NAME)";
				SDKROOT = iphoneos;
				SWIFT_EMIT_LOC_STRINGS = NO;
				SWIFT_VERSION = 5.0;
				TARGETED_DEVICE_FAMILY = "1,2";
				TEST_HOST = "$(BUILT_PRODUCTS_DIR)/TIcTacToeUIKit.app/$(BUNDLE_EXECUTABLE_FOLDER_PATH)/TIcTacToeUIKit";
			};
			name = Debug;
		};
		5B4DBFB22955FD2800FF6CD7 /* Release */ = {
			isa = XCBuildConfiguration;
			buildSettings = {
				ALWAYS_EMBED_SWIFT_STANDARD_LIBRARIES = YES;
				BUNDLE_LOADER = "$(TEST_HOST)";
				CODE_SIGN_STYLE = Automatic;
				CURRENT_PROJECT_VERSION = 1;
				GENERATE_INFOPLIST_FILE = YES;
				IPHONEOS_DEPLOYMENT_TARGET = 16.2;
				MARKETING_VERSION = 1.0;
				PRODUCT_BUNDLE_IDENTIFIER = "-2022-DEV2-014.TIcTacToeUIKitTests";
				PRODUCT_NAME = "$(TARGET_NAME)";
				SDKROOT = iphoneos;
				SWIFT_EMIT_LOC_STRINGS = NO;
				SWIFT_VERSION = 5.0;
				TARGETED_DEVICE_FAMILY = "1,2";
				TEST_HOST = "$(BUILT_PRODUCTS_DIR)/TIcTacToeUIKit.app/$(BUNDLE_EXECUTABLE_FOLDER_PATH)/TIcTacToeUIKit";
				VALIDATE_PRODUCT = YES;
			};
			name = Release;
		};
		5B4DBFB32955FD2800FF6CD7 /* Debug */ = {
			isa = XCBuildConfiguration;
			buildSettings = {
				ALWAYS_EMBED_SWIFT_STANDARD_LIBRARIES = YES;
				CODE_SIGN_STYLE = Automatic;
				CURRENT_PROJECT_VERSION = 1;
				GENERATE_INFOPLIST_FILE = YES;
				IPHONEOS_DEPLOYMENT_TARGET = 16.2;
				MARKETING_VERSION = 1.0;
				PRODUCT_BUNDLE_IDENTIFIER = "-2022-DEV2-014.TIcTacToeUIKitUITests";
				PRODUCT_NAME = "$(TARGET_NAME)";
				SDKROOT = iphoneos;
				SWIFT_EMIT_LOC_STRINGS = NO;
				SWIFT_VERSION = 5.0;
				TARGETED_DEVICE_FAMILY = "1,2";
				TEST_TARGET_NAME = TIcTacToeUIKit;
			};
			name = Debug;
		};
		5B4DBFB42955FD2800FF6CD7 /* Release */ = {
			isa = XCBuildConfiguration;
			buildSettings = {
				ALWAYS_EMBED_SWIFT_STANDARD_LIBRARIES = YES;
				CODE_SIGN_STYLE = Automatic;
				CURRENT_PROJECT_VERSION = 1;
				GENERATE_INFOPLIST_FILE = YES;
				IPHONEOS_DEPLOYMENT_TARGET = 16.2;
				MARKETING_VERSION = 1.0;
				PRODUCT_BUNDLE_IDENTIFIER = "-2022-DEV2-014.TIcTacToeUIKitUITests";
				PRODUCT_NAME = "$(TARGET_NAME)";
				SDKROOT = iphoneos;
				SWIFT_EMIT_LOC_STRINGS = NO;
				SWIFT_VERSION = 5.0;
				TARGETED_DEVICE_FAMILY = "1,2";
				TEST_TARGET_NAME = TIcTacToeUIKit;
				VALIDATE_PRODUCT = YES;
			};
			name = Release;
		};
		5B76FA092950F8C200E3607C /* Debug */ = {
			isa = XCBuildConfiguration;
			buildSettings = {
				ALWAYS_SEARCH_USER_PATHS = NO;
				CLANG_ANALYZER_NONNULL = YES;
				CLANG_ANALYZER_NUMBER_OBJECT_CONVERSION = YES_AGGRESSIVE;
				CLANG_CXX_LANGUAGE_STANDARD = "gnu++20";
				CLANG_ENABLE_MODULES = YES;
				CLANG_ENABLE_OBJC_ARC = YES;
				CLANG_ENABLE_OBJC_WEAK = YES;
				CLANG_WARN_BLOCK_CAPTURE_AUTORELEASING = YES;
				CLANG_WARN_BOOL_CONVERSION = YES;
				CLANG_WARN_COMMA = YES;
				CLANG_WARN_CONSTANT_CONVERSION = YES;
				CLANG_WARN_DEPRECATED_OBJC_IMPLEMENTATIONS = YES;
				CLANG_WARN_DIRECT_OBJC_ISA_USAGE = YES_ERROR;
				CLANG_WARN_DOCUMENTATION_COMMENTS = YES;
				CLANG_WARN_EMPTY_BODY = YES;
				CLANG_WARN_ENUM_CONVERSION = YES;
				CLANG_WARN_INFINITE_RECURSION = YES;
				CLANG_WARN_INT_CONVERSION = YES;
				CLANG_WARN_NON_LITERAL_NULL_CONVERSION = YES;
				CLANG_WARN_OBJC_IMPLICIT_RETAIN_SELF = YES;
				CLANG_WARN_OBJC_LITERAL_CONVERSION = YES;
				CLANG_WARN_OBJC_ROOT_CLASS = YES_ERROR;
				CLANG_WARN_QUOTED_INCLUDE_IN_FRAMEWORK_HEADER = YES;
				CLANG_WARN_RANGE_LOOP_ANALYSIS = YES;
				CLANG_WARN_STRICT_PROTOTYPES = YES;
				CLANG_WARN_SUSPICIOUS_MOVE = YES;
				CLANG_WARN_UNGUARDED_AVAILABILITY = YES_AGGRESSIVE;
				CLANG_WARN_UNREACHABLE_CODE = YES;
				CLANG_WARN__DUPLICATE_METHOD_MATCH = YES;
				COPY_PHASE_STRIP = NO;
				CURRENT_PROJECT_VERSION = 1;
				DEBUG_INFORMATION_FORMAT = dwarf;
				ENABLE_STRICT_OBJC_MSGSEND = YES;
				ENABLE_TESTABILITY = YES;
				GCC_C_LANGUAGE_STANDARD = gnu11;
				GCC_DYNAMIC_NO_PIC = NO;
				GCC_NO_COMMON_BLOCKS = YES;
				GCC_OPTIMIZATION_LEVEL = 0;
				GCC_PREPROCESSOR_DEFINITIONS = (
					"DEBUG=1",
					"$(inherited)",
				);
				GCC_WARN_64_TO_32_BIT_CONVERSION = YES;
				GCC_WARN_ABOUT_RETURN_TYPE = YES_ERROR;
				GCC_WARN_UNDECLARED_SELECTOR = YES;
				GCC_WARN_UNINITIALIZED_AUTOS = YES_AGGRESSIVE;
				GCC_WARN_UNUSED_FUNCTION = YES;
				GCC_WARN_UNUSED_VARIABLE = YES;
				MACOSX_DEPLOYMENT_TARGET = 13.0;
				MTL_ENABLE_DEBUG_INFO = INCLUDE_SOURCE;
				MTL_FAST_MATH = YES;
				ONLY_ACTIVE_ARCH = YES;
				SDKROOT = macosx;
				SWIFT_ACTIVE_COMPILATION_CONDITIONS = DEBUG;
				SWIFT_OPTIMIZATION_LEVEL = "-Onone";
				VERSIONING_SYSTEM = "apple-generic";
				VERSION_INFO_PREFIX = "";
			};
			name = Debug;
		};
		5B76FA0A2950F8C200E3607C /* Release */ = {
			isa = XCBuildConfiguration;
			buildSettings = {
				ALWAYS_SEARCH_USER_PATHS = NO;
				CLANG_ANALYZER_NONNULL = YES;
				CLANG_ANALYZER_NUMBER_OBJECT_CONVERSION = YES_AGGRESSIVE;
				CLANG_CXX_LANGUAGE_STANDARD = "gnu++20";
				CLANG_ENABLE_MODULES = YES;
				CLANG_ENABLE_OBJC_ARC = YES;
				CLANG_ENABLE_OBJC_WEAK = YES;
				CLANG_WARN_BLOCK_CAPTURE_AUTORELEASING = YES;
				CLANG_WARN_BOOL_CONVERSION = YES;
				CLANG_WARN_COMMA = YES;
				CLANG_WARN_CONSTANT_CONVERSION = YES;
				CLANG_WARN_DEPRECATED_OBJC_IMPLEMENTATIONS = YES;
				CLANG_WARN_DIRECT_OBJC_ISA_USAGE = YES_ERROR;
				CLANG_WARN_DOCUMENTATION_COMMENTS = YES;
				CLANG_WARN_EMPTY_BODY = YES;
				CLANG_WARN_ENUM_CONVERSION = YES;
				CLANG_WARN_INFINITE_RECURSION = YES;
				CLANG_WARN_INT_CONVERSION = YES;
				CLANG_WARN_NON_LITERAL_NULL_CONVERSION = YES;
				CLANG_WARN_OBJC_IMPLICIT_RETAIN_SELF = YES;
				CLANG_WARN_OBJC_LITERAL_CONVERSION = YES;
				CLANG_WARN_OBJC_ROOT_CLASS = YES_ERROR;
				CLANG_WARN_QUOTED_INCLUDE_IN_FRAMEWORK_HEADER = YES;
				CLANG_WARN_RANGE_LOOP_ANALYSIS = YES;
				CLANG_WARN_STRICT_PROTOTYPES = YES;
				CLANG_WARN_SUSPICIOUS_MOVE = YES;
				CLANG_WARN_UNGUARDED_AVAILABILITY = YES_AGGRESSIVE;
				CLANG_WARN_UNREACHABLE_CODE = YES;
				CLANG_WARN__DUPLICATE_METHOD_MATCH = YES;
				COPY_PHASE_STRIP = NO;
				CURRENT_PROJECT_VERSION = 1;
				DEBUG_INFORMATION_FORMAT = "dwarf-with-dsym";
				ENABLE_NS_ASSERTIONS = NO;
				ENABLE_STRICT_OBJC_MSGSEND = YES;
				GCC_C_LANGUAGE_STANDARD = gnu11;
				GCC_NO_COMMON_BLOCKS = YES;
				GCC_WARN_64_TO_32_BIT_CONVERSION = YES;
				GCC_WARN_ABOUT_RETURN_TYPE = YES_ERROR;
				GCC_WARN_UNDECLARED_SELECTOR = YES;
				GCC_WARN_UNINITIALIZED_AUTOS = YES_AGGRESSIVE;
				GCC_WARN_UNUSED_FUNCTION = YES;
				GCC_WARN_UNUSED_VARIABLE = YES;
				MACOSX_DEPLOYMENT_TARGET = 13.0;
				MTL_ENABLE_DEBUG_INFO = NO;
				MTL_FAST_MATH = YES;
				SDKROOT = macosx;
				SWIFT_COMPILATION_MODE = wholemodule;
				SWIFT_OPTIMIZATION_LEVEL = "-O";
				VERSIONING_SYSTEM = "apple-generic";
				VERSION_INFO_PREFIX = "";
			};
			name = Release;
		};
		5B76FA0C2950F8C200E3607C /* Debug */ = {
			isa = XCBuildConfiguration;
			buildSettings = {
				CLANG_ENABLE_MODULES = YES;
				CODE_SIGN_STYLE = Automatic;
				COMBINE_HIDPI_IMAGES = YES;
				CURRENT_PROJECT_VERSION = 1;
				DEFINES_MODULE = YES;
				DYLIB_COMPATIBILITY_VERSION = 1;
				DYLIB_CURRENT_VERSION = 1;
				DYLIB_INSTALL_NAME_BASE = "@rpath";
				GENERATE_INFOPLIST_FILE = YES;
				INFOPLIST_KEY_NSHumanReadableCopyright = "";
				INSTALL_PATH = "$(LOCAL_LIBRARY_DIR)/Frameworks";
				LD_RUNPATH_SEARCH_PATHS = (
					"$(inherited)",
					"@executable_path/../Frameworks",
					"@loader_path/Frameworks",
				);
				MARKETING_VERSION = 1.0;
				PRODUCT_BUNDLE_IDENTIFIER = "-2022-DEV2-014.TicTacToe";
				PRODUCT_NAME = "$(TARGET_NAME:c99extidentifier)";
				SKIP_INSTALL = YES;
				SUPPORTED_PLATFORMS = "iphoneos iphonesimulator macosx";
				SUPPORTS_MACCATALYST = NO;
				SUPPORTS_MAC_DESIGNED_FOR_IPHONE_IPAD = NO;
				SWIFT_EMIT_LOC_STRINGS = YES;
				SWIFT_OPTIMIZATION_LEVEL = "-Onone";
				SWIFT_VERSION = 5.0;
				TARGETED_DEVICE_FAMILY = 1;
			};
			name = Debug;
		};
		5B76FA0D2950F8C200E3607C /* Release */ = {
			isa = XCBuildConfiguration;
			buildSettings = {
				CLANG_ENABLE_MODULES = YES;
				CODE_SIGN_STYLE = Automatic;
				COMBINE_HIDPI_IMAGES = YES;
				CURRENT_PROJECT_VERSION = 1;
				DEFINES_MODULE = YES;
				DYLIB_COMPATIBILITY_VERSION = 1;
				DYLIB_CURRENT_VERSION = 1;
				DYLIB_INSTALL_NAME_BASE = "@rpath";
				GENERATE_INFOPLIST_FILE = YES;
				INFOPLIST_KEY_NSHumanReadableCopyright = "";
				INSTALL_PATH = "$(LOCAL_LIBRARY_DIR)/Frameworks";
				LD_RUNPATH_SEARCH_PATHS = (
					"$(inherited)",
					"@executable_path/../Frameworks",
					"@loader_path/Frameworks",
				);
				MARKETING_VERSION = 1.0;
				PRODUCT_BUNDLE_IDENTIFIER = "-2022-DEV2-014.TicTacToe";
				PRODUCT_NAME = "$(TARGET_NAME:c99extidentifier)";
				SKIP_INSTALL = YES;
				SUPPORTED_PLATFORMS = "iphoneos iphonesimulator macosx";
				SUPPORTS_MACCATALYST = NO;
				SUPPORTS_MAC_DESIGNED_FOR_IPHONE_IPAD = NO;
				SWIFT_EMIT_LOC_STRINGS = YES;
				SWIFT_VERSION = 5.0;
				TARGETED_DEVICE_FAMILY = 1;
			};
			name = Release;
		};
		5B76FA0F2950F8C200E3607C /* Debug */ = {
			isa = XCBuildConfiguration;
			buildSettings = {
				ALWAYS_EMBED_SWIFT_STANDARD_LIBRARIES = YES;
				CODE_SIGN_STYLE = Automatic;
				CURRENT_PROJECT_VERSION = 1;
				GENERATE_INFOPLIST_FILE = YES;
				MARKETING_VERSION = 1.0;
				PRODUCT_BUNDLE_IDENTIFIER = "-2022-DEV2-014.TicTacToeTests";
				PRODUCT_NAME = "$(TARGET_NAME)";
				SWIFT_EMIT_LOC_STRINGS = NO;
				SWIFT_VERSION = 5.0;
			};
			name = Debug;
		};
		5B76FA102950F8C200E3607C /* Release */ = {
			isa = XCBuildConfiguration;
			buildSettings = {
				ALWAYS_EMBED_SWIFT_STANDARD_LIBRARIES = YES;
				CODE_SIGN_STYLE = Automatic;
				CURRENT_PROJECT_VERSION = 1;
				GENERATE_INFOPLIST_FILE = YES;
				MARKETING_VERSION = 1.0;
				PRODUCT_BUNDLE_IDENTIFIER = "-2022-DEV2-014.TicTacToeTests";
				PRODUCT_NAME = "$(TARGET_NAME)";
				SWIFT_EMIT_LOC_STRINGS = NO;
				SWIFT_VERSION = 5.0;
			};
			name = Release;
		};
/* End XCBuildConfiguration section */

/* Begin XCConfigurationList section */
		5B4DBF4B2953462600FF6CD7 /* Build configuration list for PBXNativeTarget "TicTacToeApp" */ = {
			isa = XCConfigurationList;
			buildConfigurations = (
				5B4DBF4C2953462600FF6CD7 /* Debug */,
				5B4DBF4D2953462600FF6CD7 /* Release */,
			);
			defaultConfigurationIsVisible = 0;
			defaultConfigurationName = Release;
		};
		5B4DBFB52955FD2800FF6CD7 /* Build configuration list for PBXNativeTarget "TIcTacToeUIKit" */ = {
			isa = XCConfigurationList;
			buildConfigurations = (
				5B4DBFAF2955FD2800FF6CD7 /* Debug */,
				5B4DBFB02955FD2800FF6CD7 /* Release */,
			);
			defaultConfigurationIsVisible = 0;
			defaultConfigurationName = Release;
		};
		5B4DBFB62955FD2800FF6CD7 /* Build configuration list for PBXNativeTarget "TIcTacToeUIKitTests" */ = {
			isa = XCConfigurationList;
			buildConfigurations = (
				5B4DBFB12955FD2800FF6CD7 /* Debug */,
				5B4DBFB22955FD2800FF6CD7 /* Release */,
			);
			defaultConfigurationIsVisible = 0;
			defaultConfigurationName = Release;
		};
		5B4DBFB72955FD2800FF6CD7 /* Build configuration list for PBXNativeTarget "TIcTacToeUIKitUITests" */ = {
			isa = XCConfigurationList;
			buildConfigurations = (
				5B4DBFB32955FD2800FF6CD7 /* Debug */,
				5B4DBFB42955FD2800FF6CD7 /* Release */,
			);
			defaultConfigurationIsVisible = 0;
			defaultConfigurationName = Release;
		};
		5B76F9F32950F8C200E3607C /* Build configuration list for PBXProject "TicTacToe" */ = {
			isa = XCConfigurationList;
			buildConfigurations = (
				5B76FA092950F8C200E3607C /* Debug */,
				5B76FA0A2950F8C200E3607C /* Release */,
			);
			defaultConfigurationIsVisible = 0;
			defaultConfigurationName = Release;
		};
		5B76FA0B2950F8C200E3607C /* Build configuration list for PBXNativeTarget "TicTacToe" */ = {
			isa = XCConfigurationList;
			buildConfigurations = (
				5B76FA0C2950F8C200E3607C /* Debug */,
				5B76FA0D2950F8C200E3607C /* Release */,
			);
			defaultConfigurationIsVisible = 0;
			defaultConfigurationName = Release;
		};
		5B76FA0E2950F8C200E3607C /* Build configuration list for PBXNativeTarget "TicTacToeTests" */ = {
			isa = XCConfigurationList;
			buildConfigurations = (
				5B76FA0F2950F8C200E3607C /* Debug */,
				5B76FA102950F8C200E3607C /* Release */,
			);
			defaultConfigurationIsVisible = 0;
			defaultConfigurationName = Release;
		};
/* End XCConfigurationList section */
	};
	rootObject = 5B76F9F02950F8C200E3607C /* Project object */;
}
